// !$*UTF8*$!
{
	archiveVersion = 1;
	classes = {
	};
	objectVersion = 50;
	objects = {

/* Begin PBXBuildFile section */
		58205D27260DC33C00A34BA8 /* PropertyWrappersSwiftUIApp.swift in Sources */ = {isa = PBXBuildFile; fileRef = 58205D26260DC33C00A34BA8 /* PropertyWrappersSwiftUIApp.swift */; };
		58205D29260DC33C00A34BA8 /* ContentView.swift in Sources */ = {isa = PBXBuildFile; fileRef = 58205D28260DC33C00A34BA8 /* ContentView.swift */; };
		58205D2B260DC33E00A34BA8 /* Assets.xcassets in Resources */ = {isa = PBXBuildFile; fileRef = 58205D2A260DC33E00A34BA8 /* Assets.xcassets */; };
		58205D2E260DC33E00A34BA8 /* Preview Assets.xcassets in Resources */ = {isa = PBXBuildFile; fileRef = 58205D2D260DC33E00A34BA8 /* Preview Assets.xcassets */; };
		58205D39260DC33E00A34BA8 /* PropertyWrappersSwiftUITests.swift in Sources */ = {isa = PBXBuildFile; fileRef = 58205D38260DC33E00A34BA8 /* PropertyWrappersSwiftUITests.swift */; };
		58205D44260DC33E00A34BA8 /* PropertyWrappersSwiftUIUITests.swift in Sources */ = {isa = PBXBuildFile; fileRef = 58205D43260DC33E00A34BA8 /* PropertyWrappersSwiftUIUITests.swift */; };
/* End PBXBuildFile section */

/* Begin PBXContainerItemProxy section */
		58205D35260DC33E00A34BA8 /* PBXContainerItemProxy */ = {
			isa = PBXContainerItemProxy;
			containerPortal = 58205D1B260DC33C00A34BA8 /* Project object */;
			proxyType = 1;
			remoteGlobalIDString = 58205D22260DC33C00A34BA8;
			remoteInfo = PropertyWrappersSwiftUI;
		};
		58205D40260DC33E00A34BA8 /* PBXContainerItemProxy */ = {
			isa = PBXContainerItemProxy;
			containerPortal = 58205D1B260DC33C00A34BA8 /* Project object */;
			proxyType = 1;
			remoteGlobalIDString = 58205D22260DC33C00A34BA8;
			remoteInfo = PropertyWrappersSwiftUI;
		};
/* End PBXContainerItemProxy section */

/* Begin PBXFileReference section */
		58205D23260DC33C00A34BA8 /* PropertyWrappersSwiftUI.app */ = {isa = PBXFileReference; explicitFileType = wrapper.application; includeInIndex = 0; path = PropertyWrappersSwiftUI.app; sourceTree = BUILT_PRODUCTS_DIR; };
		58205D26260DC33C00A34BA8 /* PropertyWrappersSwiftUIApp.swift */ = {isa = PBXFileReference; lastKnownFileType = sourcecode.swift; path = PropertyWrappersSwiftUIApp.swift; sourceTree = "<group>"; };
		58205D28260DC33C00A34BA8 /* ContentView.swift */ = {isa = PBXFileReference; lastKnownFileType = sourcecode.swift; path = ContentView.swift; sourceTree = "<group>"; };
		58205D2A260DC33E00A34BA8 /* Assets.xcassets */ = {isa = PBXFileReference; lastKnownFileType = folder.assetcatalog; path = Assets.xcassets; sourceTree = "<group>"; };
		58205D2D260DC33E00A34BA8 /* Preview Assets.xcassets */ = {isa = PBXFileReference; lastKnownFileType = folder.assetcatalog; path = "Preview Assets.xcassets"; sourceTree = "<group>"; };
		58205D2F260DC33E00A34BA8 /* Info.plist */ = {isa = PBXFileReference; lastKnownFileType = text.plist.xml; path = Info.plist; sourceTree = "<group>"; };
		58205D34260DC33E00A34BA8 /* PropertyWrappersSwiftUITests.xctest */ = {isa = PBXFileReference; explicitFileType = wrapper.cfbundle; includeInIndex = 0; path = PropertyWrappersSwiftUITests.xctest; sourceTree = BUILT_PRODUCTS_DIR; };
		58205D38260DC33E00A34BA8 /* PropertyWrappersSwiftUITests.swift */ = {isa = PBXFileReference; lastKnownFileType = sourcecode.swift; path = PropertyWrappersSwiftUITests.swift; sourceTree = "<group>"; };
		58205D3A260DC33E00A34BA8 /* Info.plist */ = {isa = PBXFileReference; lastKnownFileType = text.plist.xml; path = Info.plist; sourceTree = "<group>"; };
		58205D3F260DC33E00A34BA8 /* PropertyWrappersSwiftUIUITests.xctest */ = {isa = PBXFileReference; explicitFileType = wrapper.cfbundle; includeInIndex = 0; path = PropertyWrappersSwiftUIUITests.xctest; sourceTree = BUILT_PRODUCTS_DIR; };
		58205D43260DC33E00A34BA8 /* PropertyWrappersSwiftUIUITests.swift */ = {isa = PBXFileReference; lastKnownFileType = sourcecode.swift; path = PropertyWrappersSwiftUIUITests.swift; sourceTree = "<group>"; };
		58205D45260DC33E00A34BA8 /* Info.plist */ = {isa = PBXFileReference; lastKnownFileType = text.plist.xml; path = Info.plist; sourceTree = "<group>"; };
/* End PBXFileReference section */

/* Begin PBXFrameworksBuildPhase section */
		58205D20260DC33C00A34BA8 /* Frameworks */ = {
			isa = PBXFrameworksBuildPhase;
			buildActionMask = 2147483647;
			files = (
			);
			runOnlyForDeploymentPostprocessing = 0;
		};
		58205D31260DC33E00A34BA8 /* Frameworks */ = {
			isa = PBXFrameworksBuildPhase;
			buildActionMask = 2147483647;
			files = (
			);
			runOnlyForDeploymentPostprocessing = 0;
		};
		58205D3C260DC33E00A34BA8 /* Frameworks */ = {
			isa = PBXFrameworksBuildPhase;
			buildActionMask = 2147483647;
			files = (
			);
			runOnlyForDeploymentPostprocessing = 0;
		};
/* End PBXFrameworksBuildPhase section */

/* Begin PBXGroup section */
		58205D1A260DC33C00A34BA8 = {
			isa = PBXGroup;
			children = (
				58205D25260DC33C00A34BA8 /* PropertyWrappersSwiftUI */,
				58205D37260DC33E00A34BA8 /* PropertyWrappersSwiftUITests */,
				58205D42260DC33E00A34BA8 /* PropertyWrappersSwiftUIUITests */,
				58205D24260DC33C00A34BA8 /* Products */,
			);
			sourceTree = "<group>";
		};
		58205D24260DC33C00A34BA8 /* Products */ = {
			isa = PBXGroup;
			children = (
				58205D23260DC33C00A34BA8 /* PropertyWrappersSwiftUI.app */,
				58205D34260DC33E00A34BA8 /* PropertyWrappersSwiftUITests.xctest */,
				58205D3F260DC33E00A34BA8 /* PropertyWrappersSwiftUIUITests.xctest */,
			);
			name = Products;
			sourceTree = "<group>";
		};
		58205D25260DC33C00A34BA8 /* PropertyWrappersSwiftUI */ = {
			isa = PBXGroup;
			children = (
				58205D26260DC33C00A34BA8 /* PropertyWrappersSwiftUIApp.swift */,
				58205D28260DC33C00A34BA8 /* ContentView.swift */,
				58205D2A260DC33E00A34BA8 /* Assets.xcassets */,
				58205D2F260DC33E00A34BA8 /* Info.plist */,
				58205D2C260DC33E00A34BA8 /* Preview Content */,
			);
			path = PropertyWrappersSwiftUI;
			sourceTree = "<group>";
		};
		58205D2C260DC33E00A34BA8 /* Preview Content */ = {
			isa = PBXGroup;
			children = (
				58205D2D260DC33E00A34BA8 /* Preview Assets.xcassets */,
			);
			path = "Preview Content";
			sourceTree = "<group>";
		};
		58205D37260DC33E00A34BA8 /* PropertyWrappersSwiftUITests */ = {
			isa = PBXGroup;
			children = (
				58205D38260DC33E00A34BA8 /* PropertyWrappersSwiftUITests.swift */,
				58205D3A260DC33E00A34BA8 /* Info.plist */,
			);
			path = PropertyWrappersSwiftUITests;
			sourceTree = "<group>";
		};
		58205D42260DC33E00A34BA8 /* PropertyWrappersSwiftUIUITests */ = {
			isa = PBXGroup;
			children = (
				58205D43260DC33E00A34BA8 /* PropertyWrappersSwiftUIUITests.swift */,
				58205D45260DC33E00A34BA8 /* Info.plist */,
			);
			path = PropertyWrappersSwiftUIUITests;
			sourceTree = "<group>";
		};
/* End PBXGroup section */

/* Begin PBXNativeTarget section */
		58205D22260DC33C00A34BA8 /* PropertyWrappersSwiftUI */ = {
			isa = PBXNativeTarget;
			buildConfigurationList = 58205D48260DC33E00A34BA8 /* Build configuration list for PBXNativeTarget "PropertyWrappersSwiftUI" */;
			buildPhases = (
				58205D1F260DC33C00A34BA8 /* Sources */,
				58205D20260DC33C00A34BA8 /* Frameworks */,
				58205D21260DC33C00A34BA8 /* Resources */,
			);
			buildRules = (
			);
			dependencies = (
			);
			name = PropertyWrappersSwiftUI;
			productName = PropertyWrappersSwiftUI;
			productReference = 58205D23260DC33C00A34BA8 /* PropertyWrappersSwiftUI.app */;
			productType = "com.apple.product-type.application";
		};
		58205D33260DC33E00A34BA8 /* PropertyWrappersSwiftUITests */ = {
			isa = PBXNativeTarget;
			buildConfigurationList = 58205D4B260DC33E00A34BA8 /* Build configuration list for PBXNativeTarget "PropertyWrappersSwiftUITests" */;
			buildPhases = (
				58205D30260DC33E00A34BA8 /* Sources */,
				58205D31260DC33E00A34BA8 /* Frameworks */,
				58205D32260DC33E00A34BA8 /* Resources */,
			);
			buildRules = (
			);
			dependencies = (
				58205D36260DC33E00A34BA8 /* PBXTargetDependency */,
			);
			name = PropertyWrappersSwiftUITests;
			productName = PropertyWrappersSwiftUITests;
			productReference = 58205D34260DC33E00A34BA8 /* PropertyWrappersSwiftUITests.xctest */;
			productType = "com.apple.product-type.bundle.unit-test";
		};
		58205D3E260DC33E00A34BA8 /* PropertyWrappersSwiftUIUITests */ = {
			isa = PBXNativeTarget;
			buildConfigurationList = 58205D4E260DC33E00A34BA8 /* Build configuration list for PBXNativeTarget "PropertyWrappersSwiftUIUITests" */;
			buildPhases = (
				58205D3B260DC33E00A34BA8 /* Sources */,
				58205D3C260DC33E00A34BA8 /* Frameworks */,
				58205D3D260DC33E00A34BA8 /* Resources */,
			);
			buildRules = (
			);
			dependencies = (
				58205D41260DC33E00A34BA8 /* PBXTargetDependency */,
			);
			name = PropertyWrappersSwiftUIUITests;
			productName = PropertyWrappersSwiftUIUITests;
			productReference = 58205D3F260DC33E00A34BA8 /* PropertyWrappersSwiftUIUITests.xctest */;
			productType = "com.apple.product-type.bundle.ui-testing";
		};
/* End PBXNativeTarget section */

/* Begin PBXProject section */
		58205D1B260DC33C00A34BA8 /* Project object */ = {
			isa = PBXProject;
			attributes = {
				LastSwiftUpdateCheck = 1240;
				LastUpgradeCheck = 1240;
				TargetAttributes = {
					58205D22260DC33C00A34BA8 = {
						CreatedOnToolsVersion = 12.4;
					};
					58205D33260DC33E00A34BA8 = {
						CreatedOnToolsVersion = 12.4;
						TestTargetID = 58205D22260DC33C00A34BA8;
					};
					58205D3E260DC33E00A34BA8 = {
						CreatedOnToolsVersion = 12.4;
						TestTargetID = 58205D22260DC33C00A34BA8;
					};
				};
			};
			buildConfigurationList = 58205D1E260DC33C00A34BA8 /* Build configuration list for PBXProject "PropertyWrappersSwiftUI" */;
			compatibilityVersion = "Xcode 9.3";
			developmentRegion = en;
			hasScannedForEncodings = 0;
			knownRegions = (
				en,
				Base,
			);
			mainGroup = 58205D1A260DC33C00A34BA8;
			productRefGroup = 58205D24260DC33C00A34BA8 /* Products */;
			projectDirPath = "";
			projectRoot = "";
			targets = (
				58205D22260DC33C00A34BA8 /* PropertyWrappersSwiftUI */,
				58205D33260DC33E00A34BA8 /* PropertyWrappersSwiftUITests */,
				58205D3E260DC33E00A34BA8 /* PropertyWrappersSwiftUIUITests */,
			);
		};
/* End PBXProject section */

/* Begin PBXResourcesBuildPhase section */
		58205D21260DC33C00A34BA8 /* Resources */ = {
			isa = PBXResourcesBuildPhase;
			buildActionMask = 2147483647;
			files = (
				58205D2E260DC33E00A34BA8 /* Preview Assets.xcassets in Resources */,
				58205D2B260DC33E00A34BA8 /* Assets.xcassets in Resources */,
			);
			runOnlyForDeploymentPostprocessing = 0;
		};
		58205D32260DC33E00A34BA8 /* Resources */ = {
			isa = PBXResourcesBuildPhase;
			buildActionMask = 2147483647;
			files = (
			);
			runOnlyForDeploymentPostprocessing = 0;
		};
		58205D3D260DC33E00A34BA8 /* Resources */ = {
			isa = PBXResourcesBuildPhase;
			buildActionMask = 2147483647;
			files = (
			);
			runOnlyForDeploymentPostprocessing = 0;
		};
/* End PBXResourcesBuildPhase section */

/* Begin PBXSourcesBuildPhase section */
		58205D1F260DC33C00A34BA8 /* Sources */ = {
			isa = PBXSourcesBuildPhase;
			buildActionMask = 2147483647;
			files = (
				58205D29260DC33C00A34BA8 /* ContentView.swift in Sources */,
				58205D27260DC33C00A34BA8 /* PropertyWrappersSwiftUIApp.swift in Sources */,
			);
			runOnlyForDeploymentPostprocessing = 0;
		};
		58205D30260DC33E00A34BA8 /* Sources */ = {
			isa = PBXSourcesBuildPhase;
			buildActionMask = 2147483647;
			files = (
				58205D39260DC33E00A34BA8 /* PropertyWrappersSwiftUITests.swift in Sources */,
			);
			runOnlyForDeploymentPostprocessing = 0;
		};
		58205D3B260DC33E00A34BA8 /* Sources */ = {
			isa = PBXSourcesBuildPhase;
			buildActionMask = 2147483647;
			files = (
				58205D44260DC33E00A34BA8 /* PropertyWrappersSwiftUIUITests.swift in Sources */,
			);
			runOnlyForDeploymentPostprocessing = 0;
		};
/* End PBXSourcesBuildPhase section */

/* Begin PBXTargetDependency section */
		58205D36260DC33E00A34BA8 /* PBXTargetDependency */ = {
			isa = PBXTargetDependency;
			target = 58205D22260DC33C00A34BA8 /* PropertyWrappersSwiftUI */;
			targetProxy = 58205D35260DC33E00A34BA8 /* PBXContainerItemProxy */;
		};
		58205D41260DC33E00A34BA8 /* PBXTargetDependency */ = {
			isa = PBXTargetDependency;
			target = 58205D22260DC33C00A34BA8 /* PropertyWrappersSwiftUI */;
			targetProxy = 58205D40260DC33E00A34BA8 /* PBXContainerItemProxy */;
		};
/* End PBXTargetDependency section */

/* Begin XCBuildConfiguration section */
		58205D46260DC33E00A34BA8 /* Debug */ = {
			isa = XCBuildConfiguration;
			buildSettings = {
				ALWAYS_SEARCH_USER_PATHS = NO;
				CLANG_ANALYZER_NONNULL = YES;
				CLANG_ANALYZER_NUMBER_OBJECT_CONVERSION = YES_AGGRESSIVE;
				CLANG_CXX_LANGUAGE_STANDARD = "gnu++14";
				CLANG_CXX_LIBRARY = "libc++";
				CLANG_ENABLE_MODULES = YES;
				CLANG_ENABLE_OBJC_ARC = YES;
				CLANG_ENABLE_OBJC_WEAK = YES;
				CLANG_WARN_BLOCK_CAPTURE_AUTORELEASING = YES;
				CLANG_WARN_BOOL_CONVERSION = YES;
				CLANG_WARN_COMMA = YES;
				CLANG_WARN_CONSTANT_CONVERSION = YES;
				CLANG_WARN_DEPRECATED_OBJC_IMPLEMENTATIONS = YES;
				CLANG_WARN_DIRECT_OBJC_ISA_USAGE = YES_ERROR;
				CLANG_WARN_DOCUMENTATION_COMMENTS = YES;
				CLANG_WARN_EMPTY_BODY = YES;
				CLANG_WARN_ENUM_CONVERSION = YES;
				CLANG_WARN_INFINITE_RECURSION = YES;
				CLANG_WARN_INT_CONVERSION = YES;
				CLANG_WARN_NON_LITERAL_NULL_CONVERSION = YES;
				CLANG_WARN_OBJC_IMPLICIT_RETAIN_SELF = YES;
				CLANG_WARN_OBJC_LITERAL_CONVERSION = YES;
				CLANG_WARN_OBJC_ROOT_CLASS = YES_ERROR;
				CLANG_WARN_QUOTED_INCLUDE_IN_FRAMEWORK_HEADER = YES;
				CLANG_WARN_RANGE_LOOP_ANALYSIS = YES;
				CLANG_WARN_STRICT_PROTOTYPES = YES;
				CLANG_WARN_SUSPICIOUS_MOVE = YES;
				CLANG_WARN_UNGUARDED_AVAILABILITY = YES_AGGRESSIVE;
				CLANG_WARN_UNREACHABLE_CODE = YES;
				CLANG_WARN__DUPLICATE_METHOD_MATCH = YES;
				COPY_PHASE_STRIP = NO;
				DEBUG_INFORMATION_FORMAT = dwarf;
				ENABLE_STRICT_OBJC_MSGSEND = YES;
				ENABLE_TESTABILITY = YES;
				GCC_C_LANGUAGE_STANDARD = gnu11;
				GCC_DYNAMIC_NO_PIC = NO;
				GCC_NO_COMMON_BLOCKS = YES;
				GCC_OPTIMIZATION_LEVEL = 0;
				GCC_PREPROCESSOR_DEFINITIONS = (
					"DEBUG=1",
					"$(inherited)",
				);
				GCC_WARN_64_TO_32_BIT_CONVERSION = YES;
				GCC_WARN_ABOUT_RETURN_TYPE = YES_ERROR;
				GCC_WARN_UNDECLARED_SELECTOR = YES;
				GCC_WARN_UNINITIALIZED_AUTOS = YES_AGGRESSIVE;
				GCC_WARN_UNUSED_FUNCTION = YES;
				GCC_WARN_UNUSED_VARIABLE = YES;
				IPHONEOS_DEPLOYMENT_TARGET = 14.4;
				MTL_ENABLE_DEBUG_INFO = INCLUDE_SOURCE;
				MTL_FAST_MATH = YES;
				ONLY_ACTIVE_ARCH = YES;
				SDKROOT = iphoneos;
				SWIFT_ACTIVE_COMPILATION_CONDITIONS = DEBUG;
				SWIFT_OPTIMIZATION_LEVEL = "-Onone";
			};
			name = Debug;
		};
		58205D47260DC33E00A34BA8 /* Release */ = {
			isa = XCBuildConfiguration;
			buildSettings = {
				ALWAYS_SEARCH_USER_PATHS = NO;
				CLANG_ANALYZER_NONNULL = YES;
				CLANG_ANALYZER_NUMBER_OBJECT_CONVERSION = YES_AGGRESSIVE;
				CLANG_CXX_LANGUAGE_STANDARD = "gnu++14";
				CLANG_CXX_LIBRARY = "libc++";
				CLANG_ENABLE_MODULES = YES;
				CLANG_ENABLE_OBJC_ARC = YES;
				CLANG_ENABLE_OBJC_WEAK = YES;
				CLANG_WARN_BLOCK_CAPTURE_AUTORELEASING = YES;
				CLANG_WARN_BOOL_CONVERSION = YES;
				CLANG_WARN_COMMA = YES;
				CLANG_WARN_CONSTANT_CONVERSION = YES;
				CLANG_WARN_DEPRECATED_OBJC_IMPLEMENTATIONS = YES;
				CLANG_WARN_DIRECT_OBJC_ISA_USAGE = YES_ERROR;
				CLANG_WARN_DOCUMENTATION_COMMENTS = YES;
				CLANG_WARN_EMPTY_BODY = YES;
				CLANG_WARN_ENUM_CONVERSION = YES;
				CLANG_WARN_INFINITE_RECURSION = YES;
				CLANG_WARN_INT_CONVERSION = YES;
				CLANG_WARN_NON_LITERAL_NULL_CONVERSION = YES;
				CLANG_WARN_OBJC_IMPLICIT_RETAIN_SELF = YES;
				CLANG_WARN_OBJC_LITERAL_CONVERSION = YES;
				CLANG_WARN_OBJC_ROOT_CLASS = YES_ERROR;
				CLANG_WARN_QUOTED_INCLUDE_IN_FRAMEWORK_HEADER = YES;
				CLANG_WARN_RANGE_LOOP_ANALYSIS = YES;
				CLANG_WARN_STRICT_PROTOTYPES = YES;
				CLANG_WARN_SUSPICIOUS_MOVE = YES;
				CLANG_WARN_UNGUARDED_AVAILABILITY = YES_AGGRESSIVE;
				CLANG_WARN_UNREACHABLE_CODE = YES;
				CLANG_WARN__DUPLICATE_METHOD_MATCH = YES;
				COPY_PHASE_STRIP = NO;
				DEBUG_INFORMATION_FORMAT = "dwarf-with-dsym";
				ENABLE_NS_ASSERTIONS = NO;
				ENABLE_STRICT_OBJC_MSGSEND = YES;
				GCC_C_LANGUAGE_STANDARD = gnu11;
				GCC_NO_COMMON_BLOCKS = YES;
				GCC_WARN_64_TO_32_BIT_CONVERSION = YES;
				GCC_WARN_ABOUT_RETURN_TYPE = YES_ERROR;
				GCC_WARN_UNDECLARED_SELECTOR = YES;
				GCC_WARN_UNINITIALIZED_AUTOS = YES_AGGRESSIVE;
				GCC_WARN_UNUSED_FUNCTION = YES;
				GCC_WARN_UNUSED_VARIABLE = YES;
				IPHONEOS_DEPLOYMENT_TARGET = 14.4;
				MTL_ENABLE_DEBUG_INFO = NO;
				MTL_FAST_MATH = YES;
				SDKROOT = iphoneos;
				SWIFT_COMPILATION_MODE = wholemodule;
				SWIFT_OPTIMIZATION_LEVEL = "-O";
				VALIDATE_PRODUCT = YES;
			};
			name = Release;
		};
		58205D49260DC33E00A34BA8 /* Debug */ = {
			isa = XCBuildConfiguration;
			buildSettings = {
				ASSETCATALOG_COMPILER_APPICON_NAME = AppIcon;
				ASSETCATALOG_COMPILER_GLOBAL_ACCENT_COLOR_NAME = AccentColor;
				CODE_SIGN_STYLE = Automatic;
				DEVELOPMENT_ASSET_PATHS = "\"PropertyWrappersSwiftUI/Preview Content\"";
				ENABLE_PREVIEWS = YES;
				INFOPLIST_FILE = PropertyWrappersSwiftUI/Info.plist;
				IPHONEOS_DEPLOYMENT_TARGET = 14.0;
				LD_RUNPATH_SEARCH_PATHS = (
					"$(inherited)",
					"@executable_path/Frameworks",
				);
				PRODUCT_BUNDLE_IDENTIFIER = com.traterstrust.PropertyWrappersSwiftUI;
				PRODUCT_NAME = "$(TARGET_NAME)";
				SWIFT_VERSION = 5.0;
				TARGETED_DEVICE_FAMILY = "1,2";
			};
			name = Debug;
		};
		58205D4A260DC33E00A34BA8 /* Release */ = {
			isa = XCBuildConfiguration;
			buildSettings = {
				ASSETCATALOG_COMPILER_APPICON_NAME = AppIcon;
				ASSETCATALOG_COMPILER_GLOBAL_ACCENT_COLOR_NAME = AccentColor;
				CODE_SIGN_STYLE = Automatic;
				DEVELOPMENT_ASSET_PATHS = "\"PropertyWrappersSwiftUI/Preview Content\"";
				ENABLE_PREVIEWS = YES;
				INFOPLIST_FILE = PropertyWrappersSwiftUI/Info.plist;
				IPHONEOS_DEPLOYMENT_TARGET = 14.0;
				LD_RUNPATH_SEARCH_PATHS = (
					"$(inherited)",
					"@executable_path/Frameworks",
				);
				PRODUCT_BUNDLE_IDENTIFIER = com.traterstrust.PropertyWrappersSwiftUI;
				PRODUCT_NAME = "$(TARGET_NAME)";
				SWIFT_VERSION = 5.0;
				TARGETED_DEVICE_FAMILY = "1,2";
			};
			name = Release;
		};
		58205D4C260DC33E00A34BA8 /* Debug */ = {
			isa = XCBuildConfiguration;
			buildSettings = {
				ALWAYS_EMBED_SWIFT_STANDARD_LIBRARIES = YES;
				BUNDLE_LOADER = "$(TEST_HOST)";
				CODE_SIGN_STYLE = Automatic;
				INFOPLIST_FILE = PropertyWrappersSwiftUITests/Info.plist;
				IPHONEOS_DEPLOYMENT_TARGET = 14.0;
				LD_RUNPATH_SEARCH_PATHS = (
					"$(inherited)",
					"@executable_path/Frameworks",
					"@loader_path/Frameworks",
				);
				PRODUCT_BUNDLE_IDENTIFIER = com.traterstrust.PropertyWrappersSwiftUITests;
				PRODUCT_NAME = "$(TARGET_NAME)";
				SWIFT_VERSION = 5.0;
				TARGETED_DEVICE_FAMILY = "1,2";
				TEST_HOST = "$(BUILT_PRODUCTS_DIR)/PropertyWrappersSwiftUI.app/PropertyWrappersSwiftUI";
			};
			name = Debug;
		};
		58205D4D260DC33E00A34BA8 /* Release */ = {
			isa = XCBuildConfiguration;
			buildSettings = {
				ALWAYS_EMBED_SWIFT_STANDARD_LIBRARIES = YES;
				BUNDLE_LOADER = "$(TEST_HOST)";
				CODE_SIGN_STYLE = Automatic;
				INFOPLIST_FILE = PropertyWrappersSwiftUITests/Info.plist;
				IPHONEOS_DEPLOYMENT_TARGET = 14.0;
				LD_RUNPATH_SEARCH_PATHS = (
					"$(inherited)",
					"@executable_path/Frameworks",
					"@loader_path/Frameworks",
				);
				PRODUCT_BUNDLE_IDENTIFIER = com.traterstrust.PropertyWrappersSwiftUITests;
				PRODUCT_NAME = "$(TARGET_NAME)";
				SWIFT_VERSION = 5.0;
				TARGETED_DEVICE_FAMILY = "1,2";
				TEST_HOST = "$(BUILT_PRODUCTS_DIR)/PropertyWrappersSwiftUI.app/PropertyWrappersSwiftUI";
			};
			name = Release;
		};
		58205D4F260DC33E00A34BA8 /* Debug */ = {
			isa = XCBuildConfiguration;
			buildSettings = {
				ALWAYS_EMBED_SWIFT_STANDARD_LIBRARIES = YES;
				CODE_SIGN_STYLE = Automatic;
				INFOPLIST_FILE = PropertyWrappersSwiftUIUITests/Info.plist;
				LD_RUNPATH_SEARCH_PATHS = (
					"$(inherited)",
					"@executable_path/Frameworks",
					"@loader_path/Frameworks",
				);
				PRODUCT_BUNDLE_IDENTIFIER = com.traterstrust.PropertyWrappersSwiftUIUITests;
				PRODUCT_NAME = "$(TARGET_NAME)";
				SWIFT_VERSION = 5.0;
				TARGETED_DEVICE_FAMILY = "1,2";
				TEST_TARGET_NAME = PropertyWrappersSwiftUI;
			};
			name = Debug;
		};
		58205D50260DC33E00A34BA8 /* Release */ = {
			isa = XCBuildConfiguration;
			buildSettings = {
				ALWAYS_EMBED_SWIFT_STANDARD_LIBRARIES = YES;
				CODE_SIGN_STYLE = Automatic;
				INFOPLIST_FILE = PropertyWrappersSwiftUIUITests/Info.plist;
				LD_RUNPATH_SEARCH_PATHS = (
					"$(inherited)",
					"@executable_path/Frameworks",
					"@loader_path/Frameworks",
				);
				PRODUCT_BUNDLE_IDENTIFIER = com.traterstrust.PropertyWrappersSwiftUIUITests;
				PRODUCT_NAME = "$(TARGET_NAME)";
				SWIFT_VERSION = 5.0;
				TARGETED_DEVICE_FAMILY = "1,2";
				TEST_TARGET_NAME = PropertyWrappersSwiftUI;
			};
			name = Release;
		};
/* End XCBuildConfiguration section */

/* Begin XCConfigurationList section */
		58205D1E260DC33C00A34BA8 /* Build configuration list for PBXProject "PropertyWrappersSwiftUI" */ = {
			isa = XCConfigurationList;
			buildConfigurations = (
				58205D46260DC33E00A34BA8 /* Debug */,
				58205D47260DC33E00A34BA8 /* Release */,
			);
			defaultConfigurationIsVisible = 0;
			defaultConfigurationName = Release;
		};
		58205D48260DC33E00A34BA8 /* Build configuration list for PBXNativeTarget "PropertyWrappersSwiftUI" */ = {
			isa = XCConfigurationList;
			buildConfigurations = (
				58205D49260DC33E00A34BA8 /* Debug */,
				58205D4A260DC33E00A34BA8 /* Release */,
			);
			defaultConfigurationIsVisible = 0;
			defaultConfigurationName = Release;
		};
		58205D4B260DC33E00A34BA8 /* Build configuration list for PBXNativeTarget "PropertyWrappersSwiftUITests" */ = {
			isa = XCConfigurationList;
			buildConfigurations = (
				58205D4C260DC33E00A34BA8 /* Debug */,
				58205D4D260DC33E00A34BA8 /* Release */,
			);
			defaultConfigurationIsVisible = 0;
			defaultConfigurationName = Release;
		};
		58205D4E260DC33E00A34BA8 /* Build configuration list for PBXNativeTarget "PropertyWrappersSwiftUIUITests" */ = {
			isa = XCConfigurationList;
			buildConfigurations = (
				58205D4F260DC33E00A34BA8 /* Debug */,
				58205D50260DC33E00A34BA8 /* Release */,
			);
			defaultConfigurationIsVisible = 0;
			defaultConfigurationName = Release;
		};
/* End XCConfigurationList section */
	};
	rootObject = 58205D1B260DC33C00A34BA8 /* Project object */;
}
